
Microsoft Visual Studio Solution File, Format Version 12.00
# Visual Studio Version 17
VisualStudioVersion = 17.8.34309.116
MinimumVisualStudioVersion = 10.0.40219.1
Project("{FAE04EC0-301F-11D3-BF4B-00C04F79EFBC}") = "DNAseq", "DNAseq\DNAseq.csproj", "{132BE974-94B7-4B6F-BD0F-F0359B606B3C}"
EndProject
Project("{FAE04EC0-301F-11D3-BF4B-00C04F79EFBC}") = "crossoverTest", "crossoverTest\crossoverTest.csproj", "{04257451-22DF-4AF4-A1BB-F8397C3B9EE7}"
EndProject
Global
	GlobalSection(SolutionConfigurationPlatforms) = preSolution
		Debug|Any CPU = Debug|Any CPU
		Release|Any CPU = Release|Any CPU
	EndGlobalSection
	GlobalSection(ProjectConfigurationPlatforms) = postSolution
		{132BE974-94B7-4B6F-BD0F-F0359B606B3C}.Debug|Any CPU.ActiveCfg = Debug|Any CPU
		{132BE974-94B7-4B6F-BD0F-F0359B606B3C}.Debug|Any CPU.Build.0 = Debug|Any CPU
		{132BE974-94B7-4B6F-BD0F-F0359B606B3C}.Release|Any CPU.ActiveCfg = Release|Any CPU
		{132BE974-94B7-4B6F-BD0F-F0359B606B3C}.Release|Any CPU.Build.0 = Release|Any CPU
		{04257451-22DF-4AF4-A1BB-F8397C3B9EE7}.Debug|Any CPU.ActiveCfg = Debug|Any CPU
		{04257451-22DF-4AF4-A1BB-F8397C3B9EE7}.Debug|Any CPU.Build.0 = Debug|Any CPU
		{04257451-22DF-4AF4-A1BB-F8397C3B9EE7}.Release|Any CPU.ActiveCfg = Release|Any CPU
		{04257451-22DF-4AF4-A1BB-F8397C3B9EE7}.Release|Any CPU.Build.0 = Release|Any CPU
	EndGlobalSection
	GlobalSection(SolutionProperties) = preSolution
		HideSolutionNode = FALSE
	EndGlobalSection
	GlobalSection(ExtensibilityGlobals) = postSolution
		SolutionGuid = {8F8F8B29-88E8-49F2-BADE-FFC1B3969CC4}
	EndGlobalSection
EndGlobal
